
Microsoft Visual Studio Solution File, Format Version 12.00
# Visual Studio Version 17
VisualStudioVersion = 17.2.32516.85
MinimumVisualStudioVersion = 10.0.40219.1
Project("{FAE04EC0-301F-11D3-BF4B-00C04F79EFBC}") = "VisualCalender", "VisualCalender\VisualCalender.csproj", "{13D473E4-406A-474C-925C-6FAB6A9E5144}"
EndProject
Global
	GlobalSection(SolutionConfigurationPlatforms) = preSolution
		Debug|Any CPU = Debug|Any CPU
		Release|Any CPU = Release|Any CPU
	EndGlobalSection
	GlobalSection(ProjectConfigurationPlatforms) = postSolution
		{13D473E4-406A-474C-925C-6FAB6A9E5144}.Debug|Any CPU.ActiveCfg = Debug|Any CPU
		{13D473E4-406A-474C-925C-6FAB6A9E5144}.Debug|Any CPU.Build.0 = Debug|Any CPU
		{13D473E4-406A-474C-925C-6FAB6A9E5144}.Release|Any CPU.ActiveCfg = Release|Any CPU
		{13D473E4-406A-474C-925C-6FAB6A9E5144}.Release|Any CPU.Build.0 = Release|Any CPU
	EndGlobalSection
	GlobalSection(SolutionProperties) = preSolution
		HideSolutionNode = FALSE
	EndGlobalSection
	GlobalSection(ExtensibilityGlobals) = postSolution
		SolutionGuid = {0BAE4F8A-8EE5-48BF-A36E-7D1F4DCEE18B}
	EndGlobalSection
EndGlobal
